
Microsoft Visual Studio Solution File, Format Version 12.00
# Visual Studio 15
VisualStudioVersion = 15.0.27703.2035
MinimumVisualStudioVersion = 10.0.40219.1
Project("{FAE04EC0-301F-11D3-BF4B-00C04F79EFBC}") = "SourceControlWithDatabase", "SourceControlWithDatabase\SourceControlWithDatabase.csproj", "{226A4C73-0BEB-42D3-83A6-412F50ABE0D0}"
EndProject
Project("{00D1A9C2-B5F0-4AF3-8072-F6C62B433612}") = "SMSDB", "SMSDB\SMSDB.sqlproj", "{E53803BE-8D51-422F-95C4-FA5C7EE08BBC}"
EndProject
Global
	GlobalSection(SolutionConfigurationPlatforms) = preSolution
		Debug|Any CPU = Debug|Any CPU
		Release|Any CPU = Release|Any CPU
	EndGlobalSection
	GlobalSection(ProjectConfigurationPlatforms) = postSolution
		{226A4C73-0BEB-42D3-83A6-412F50ABE0D0}.Debug|Any CPU.ActiveCfg = Debug|Any CPU
		{226A4C73-0BEB-42D3-83A6-412F50ABE0D0}.Debug|Any CPU.Build.0 = Debug|Any CPU
		{226A4C73-0BEB-42D3-83A6-412F50ABE0D0}.Release|Any CPU.ActiveCfg = Release|Any CPU
		{226A4C73-0BEB-42D3-83A6-412F50ABE0D0}.Release|Any CPU.Build.0 = Release|Any CPU
		{E53803BE-8D51-422F-95C4-FA5C7EE08BBC}.Debug|Any CPU.ActiveCfg = Debug|Any CPU
		{E53803BE-8D51-422F-95C4-FA5C7EE08BBC}.Debug|Any CPU.Build.0 = Debug|Any CPU
		{E53803BE-8D51-422F-95C4-FA5C7EE08BBC}.Debug|Any CPU.Deploy.0 = Debug|Any CPU
		{E53803BE-8D51-422F-95C4-FA5C7EE08BBC}.Release|Any CPU.ActiveCfg = Release|Any CPU
		{E53803BE-8D51-422F-95C4-FA5C7EE08BBC}.Release|Any CPU.Build.0 = Release|Any CPU
		{E53803BE-8D51-422F-95C4-FA5C7EE08BBC}.Release|Any CPU.Deploy.0 = Release|Any CPU
	EndGlobalSection
	GlobalSection(SolutionProperties) = preSolution
		HideSolutionNode = FALSE
	EndGlobalSection
	GlobalSection(ExtensibilityGlobals) = postSolution
		SolutionGuid = {A7444437-F34F-4B69-A30C-9B7097B7005F}
	EndGlobalSection
EndGlobal
